
Microsoft Visual Studio Solution File, Format Version 12.00
Project("{2150E333-8FDC-42A3-9474-1A3956D46DE8}") = "src", "src", "{B8190757-B6AC-4996-80AD-32A2309A945D}"
EndProject
Project("{2150E333-8FDC-42A3-9474-1A3956D46DE8}") = "Shared", "Shared", "{C81C9123-6ED3-4C4A-9675-9B10417FC70D}"
EndProject
Project("{FAE04EC0-301F-11D3-BF4B-00C04F79EFBC}") = "PackIt.Domain", "PackIt.Domain\PackIt.Domain.csproj", "{D4794B23-4BF5-4E3C-A855-23457EEC0074}"
EndProject
Project("{FAE04EC0-301F-11D3-BF4B-00C04F79EFBC}") = "PackIt.Infrastructure", "PackIt.Infrastructure\PackIt.Infrastructure.csproj", "{B71C5E36-A95C-432D-9F0C-BDC9C4AB51D7}"
EndProject
Project("{FAE04EC0-301F-11D3-BF4B-00C04F79EFBC}") = "PackIt.Application", "PackIt.Application\PackIt.Application.csproj", "{6EF57E56-243B-4CF9-A69B-362F51753809}"
EndProject
Project("{FAE04EC0-301F-11D3-BF4B-00C04F79EFBC}") = "PackIt.Shared", "Shared\PackIt.Shared\PackIt.Shared.csproj", "{3D0B1CF4-E32B-415E-8D8F-D1A1C9671BB2}"
EndProject
Project("{FAE04EC0-301F-11D3-BF4B-00C04F79EFBC}") = "PackIt.Shared.Abstractions", "Shared\PackIt.Shared.Abstractions\PackIt.Shared.Abstractions.csproj", "{650D46EE-2E99-49A2-A0FA-301CB27E667D}"
EndProject
Project("{FAE04EC0-301F-11D3-BF4B-00C04F79EFBC}") = "PackIt.Api", "PackIt.Api\PackIt.Api.csproj", "{1B02250E-1640-453E-8DE1-F0CFD9FC128E}"
EndProject
Global
	GlobalSection(SolutionConfigurationPlatforms) = preSolution
		Debug|Any CPU = Debug|Any CPU
		Release|Any CPU = Release|Any CPU
	EndGlobalSection
	GlobalSection(NestedProjects) = preSolution
		{C81C9123-6ED3-4C4A-9675-9B10417FC70D} = {B8190757-B6AC-4996-80AD-32A2309A945D}
		{D4794B23-4BF5-4E3C-A855-23457EEC0074} = {B8190757-B6AC-4996-80AD-32A2309A945D}
		{B71C5E36-A95C-432D-9F0C-BDC9C4AB51D7} = {B8190757-B6AC-4996-80AD-32A2309A945D}
		{6EF57E56-243B-4CF9-A69B-362F51753809} = {B8190757-B6AC-4996-80AD-32A2309A945D}
		{3D0B1CF4-E32B-415E-8D8F-D1A1C9671BB2} = {C81C9123-6ED3-4C4A-9675-9B10417FC70D}
		{650D46EE-2E99-49A2-A0FA-301CB27E667D} = {C81C9123-6ED3-4C4A-9675-9B10417FC70D}
		{1B02250E-1640-453E-8DE1-F0CFD9FC128E} = {B8190757-B6AC-4996-80AD-32A2309A945D}
	EndGlobalSection
	GlobalSection(ProjectConfigurationPlatforms) = postSolution
		{D4794B23-4BF5-4E3C-A855-23457EEC0074}.Debug|Any CPU.ActiveCfg = Debug|Any CPU
		{D4794B23-4BF5-4E3C-A855-23457EEC0074}.Debug|Any CPU.Build.0 = Debug|Any CPU
		{D4794B23-4BF5-4E3C-A855-23457EEC0074}.Release|Any CPU.ActiveCfg = Release|Any CPU
		{D4794B23-4BF5-4E3C-A855-23457EEC0074}.Release|Any CPU.Build.0 = Release|Any CPU
		{B71C5E36-A95C-432D-9F0C-BDC9C4AB51D7}.Debug|Any CPU.ActiveCfg = Debug|Any CPU
		{B71C5E36-A95C-432D-9F0C-BDC9C4AB51D7}.Debug|Any CPU.Build.0 = Debug|Any CPU
		{B71C5E36-A95C-432D-9F0C-BDC9C4AB51D7}.Release|Any CPU.ActiveCfg = Release|Any CPU
		{B71C5E36-A95C-432D-9F0C-BDC9C4AB51D7}.Release|Any CPU.Build.0 = Release|Any CPU
		{6EF57E56-243B-4CF9-A69B-362F51753809}.Debug|Any CPU.ActiveCfg = Debug|Any CPU
		{6EF57E56-243B-4CF9-A69B-362F51753809}.Debug|Any CPU.Build.0 = Debug|Any CPU
		{6EF57E56-243B-4CF9-A69B-362F51753809}.Release|Any CPU.ActiveCfg = Release|Any CPU
		{6EF57E56-243B-4CF9-A69B-362F51753809}.Release|Any CPU.Build.0 = Release|Any CPU
		{3D0B1CF4-E32B-415E-8D8F-D1A1C9671BB2}.Debug|Any CPU.ActiveCfg = Debug|Any CPU
		{3D0B1CF4-E32B-415E-8D8F-D1A1C9671BB2}.Debug|Any CPU.Build.0 = Debug|Any CPU
		{3D0B1CF4-E32B-415E-8D8F-D1A1C9671BB2}.Release|Any CPU.ActiveCfg = Release|Any CPU
		{3D0B1CF4-E32B-415E-8D8F-D1A1C9671BB2}.Release|Any CPU.Build.0 = Release|Any CPU
		{650D46EE-2E99-49A2-A0FA-301CB27E667D}.Debug|Any CPU.ActiveCfg = Debug|Any CPU
		{650D46EE-2E99-49A2-A0FA-301CB27E667D}.Debug|Any CPU.Build.0 = Debug|Any CPU
		{650D46EE-2E99-49A2-A0FA-301CB27E667D}.Release|Any CPU.ActiveCfg = Release|Any CPU
		{650D46EE-2E99-49A2-A0FA-301CB27E667D}.Release|Any CPU.Build.0 = Release|Any CPU
		{1B02250E-1640-453E-8DE1-F0CFD9FC128E}.Debug|Any CPU.ActiveCfg = Debug|Any CPU
		{1B02250E-1640-453E-8DE1-F0CFD9FC128E}.Debug|Any CPU.Build.0 = Debug|Any CPU
		{1B02250E-1640-453E-8DE1-F0CFD9FC128E}.Release|Any CPU.ActiveCfg = Release|Any CPU
		{1B02250E-1640-453E-8DE1-F0CFD9FC128E}.Release|Any CPU.Build.0 = Release|Any CPU
	EndGlobalSection
EndGlobal
